
Microsoft Visual Studio Solution File, Format Version 12.00
Project("{FAE04EC0-301F-11D3-BF4B-00C04F79EFBC}") = "WebFlow", "WebFlow\WebFlow.csproj", "{DFB51B25-32EF-42CD-8477-90752A2BBFE3}"
EndProject
Project("{FAE04EC0-301F-11D3-BF4B-00C04F79EFBC}") = "WebFlowTest", "WebFlowTest\WebFlowTest.csproj", "{FDF696BD-C0C8-46C9-8433-E48BD88AB67D}"
EndProject
Global
	GlobalSection(SolutionConfigurationPlatforms) = preSolution
		Debug|Any CPU = Debug|Any CPU
		Release|Any CPU = Release|Any CPU
	EndGlobalSection
	GlobalSection(ProjectConfigurationPlatforms) = postSolution
		{DFB51B25-32EF-42CD-8477-90752A2BBFE3}.Debug|Any CPU.ActiveCfg = Debug|Any CPU
		{DFB51B25-32EF-42CD-8477-90752A2BBFE3}.Debug|Any CPU.Build.0 = Debug|Any CPU
		{DFB51B25-32EF-42CD-8477-90752A2BBFE3}.Release|Any CPU.ActiveCfg = Release|Any CPU
		{DFB51B25-32EF-42CD-8477-90752A2BBFE3}.Release|Any CPU.Build.0 = Release|Any CPU
		{FDF696BD-C0C8-46C9-8433-E48BD88AB67D}.Debug|Any CPU.ActiveCfg = Debug|Any CPU
		{FDF696BD-C0C8-46C9-8433-E48BD88AB67D}.Debug|Any CPU.Build.0 = Debug|Any CPU
		{FDF696BD-C0C8-46C9-8433-E48BD88AB67D}.Release|Any CPU.ActiveCfg = Release|Any CPU
		{FDF696BD-C0C8-46C9-8433-E48BD88AB67D}.Release|Any CPU.Build.0 = Release|Any CPU
	EndGlobalSection
EndGlobal
